// !$*UTF8*$!
{
	archiveVersion = 1;
	classes = {
	};
	objectVersion = 46;
	objects = {

/* Begin PBXBuildFile section */
		8A93A0BD19E2AF9C0071C972 /* main.m in Sources */ = {isa = PBXBuildFile; fileRef = 8A93A0BC19E2AF9C0071C972 /* main.m */; };
		8A93A0C019E2AF9C0071C972 /* AppDelegate.m in Sources */ = {isa = PBXBuildFile; fileRef = 8A93A0BF19E2AF9C0071C972 /* AppDelegate.m */; };
		8A93A0C319E2AF9C0071C972 /* ExamCoreData.xcdatamodeld in Sources */ = {isa = PBXBuildFile; fileRef = 8A93A0C119E2AF9C0071C972 /* ExamCoreData.xcdatamodeld */; };
		8A93A0C619E2AF9C0071C972 /* ViewController.m in Sources */ = {isa = PBXBuildFile; fileRef = 8A93A0C519E2AF9C0071C972 /* ViewController.m */; };
		8A93A0C919E2AF9C0071C972 /* Main.storyboard in Resources */ = {isa = PBXBuildFile; fileRef = 8A93A0C719E2AF9C0071C972 /* Main.storyboard */; };
		8A93A0CB19E2AF9C0071C972 /* Images.xcassets in Resources */ = {isa = PBXBuildFile; fileRef = 8A93A0CA19E2AF9C0071C972 /* Images.xcassets */; };
		8A93A0CE19E2AF9C0071C972 /* LaunchScreen.xib in Resources */ = {isa = PBXBuildFile; fileRef = 8A93A0CC19E2AF9C0071C972 /* LaunchScreen.xib */; };
		8A93A0DA19E2AF9C0071C972 /* ExamCoreDataTests.m in Sources */ = {isa = PBXBuildFile; fileRef = 8A93A0D919E2AF9C0071C972 /* ExamCoreDataTests.m */; };
/* End PBXBuildFile section */

/* Begin PBXContainerItemProxy section */
		8A93A0D419E2AF9C0071C972 /* PBXContainerItemProxy */ = {
			isa = PBXContainerItemProxy;
			containerPortal = 8A93A0AF19E2AF9C0071C972 /* Project object */;
			proxyType = 1;
			remoteGlobalIDString = 8A93A0B619E2AF9C0071C972;
			remoteInfo = ExamCoreData;
		};
/* End PBXContainerItemProxy section */

/* Begin PBXFileReference section */
		8A93A0B719E2AF9C0071C972 /* ExamCoreData.app */ = {isa = PBXFileReference; explicitFileType = wrapper.application; includeInIndex = 0; path = ExamCoreData.app; sourceTree = BUILT_PRODUCTS_DIR; };
		8A93A0BB19E2AF9C0071C972 /* Info.plist */ = {isa = PBXFileReference; lastKnownFileType = text.plist.xml; path = Info.plist; sourceTree = "<group>"; };
		8A93A0BC19E2AF9C0071C972 /* main.m */ = {isa = PBXFileReference; lastKnownFileType = sourcecode.c.objc; path = main.m; sourceTree = "<group>"; };
		8A93A0BE19E2AF9C0071C972 /* AppDelegate.h */ = {isa = PBXFileReference; lastKnownFileType = sourcecode.c.h; path = AppDelegate.h; sourceTree = "<group>"; };
		8A93A0BF19E2AF9C0071C972 /* AppDelegate.m */ = {isa = PBXFileReference; lastKnownFileType = sourcecode.c.objc; path = AppDelegate.m; sourceTree = "<group>"; };
		8A93A0C219E2AF9C0071C972 /* ExamCoreData.xcdatamodel */ = {isa = PBXFileReference; lastKnownFileType = wrapper.xcdatamodel; path = ExamCoreData.xcdatamodel; sourceTree = "<group>"; };
		8A93A0C419E2AF9C0071C972 /* ViewController.h */ = {isa = PBXFileReference; lastKnownFileType = sourcecode.c.h; path = ViewController.h; sourceTree = "<group>"; };
		8A93A0C519E2AF9C0071C972 /* ViewController.m */ = {isa = PBXFileReference; lastKnownFileType = sourcecode.c.objc; path = ViewController.m; sourceTree = "<group>"; };
		8A93A0C819E2AF9C0071C972 /* Base */ = {isa = PBXFileReference; lastKnownFileType = file.storyboard; name = Base; path = Base.lproj/Main.storyboard; sourceTree = "<group>"; };
		8A93A0CA19E2AF9C0071C972 /* Images.xcassets */ = {isa = PBXFileReference; lastKnownFileType = folder.assetcatalog; path = Images.xcassets; sourceTree = "<group>"; };
		8A93A0CD19E2AF9C0071C972 /* Base */ = {isa = PBXFileReference; lastKnownFileType = file.xib; name = Base; path = Base.lproj/LaunchScreen.xib; sourceTree = "<group>"; };
		8A93A0D319E2AF9C0071C972 /* ExamCoreDataTests.xctest */ = {isa = PBXFileReference; explicitFileType = wrapper.cfbundle; includeInIndex = 0; path = ExamCoreDataTests.xctest; sourceTree = BUILT_PRODUCTS_DIR; };
		8A93A0D819E2AF9C0071C972 /* Info.plist */ = {isa = PBXFileReference; lastKnownFileType = text.plist.xml; path = Info.plist; sourceTree = "<group>"; };
		8A93A0D919E2AF9C0071C972 /* ExamCoreDataTests.m */ = {isa = PBXFileReference; lastKnownFileType = sourcecode.c.objc; path = ExamCoreDataTests.m; sourceTree = "<group>"; };
/* End PBXFileReference section */

/* Begin PBXFrameworksBuildPhase section */
		8A93A0B419E2AF9C0071C972 /* Frameworks */ = {
			isa = PBXFrameworksBuildPhase;
			buildActionMask = 2147483647;
			files = (
			);
			runOnlyForDeploymentPostprocessing = 0;
		};
		8A93A0D019E2AF9C0071C972 /* Frameworks */ = {
			isa = PBXFrameworksBuildPhase;
			buildActionMask = 2147483647;
			files = (
			);
			runOnlyForDeploymentPostprocessing = 0;
		};
/* End PBXFrameworksBuildPhase section */

/* Begin PBXGroup section */
		8A93A0AE19E2AF9C0071C972 = {
			isa = PBXGroup;
			children = (
				8A93A0B919E2AF9C0071C972 /* ExamCoreData */,
				8A93A0D619E2AF9C0071C972 /* ExamCoreDataTests */,
				8A93A0B819E2AF9C0071C972 /* Products */,
			);
			sourceTree = "<group>";
		};
		8A93A0B819E2AF9C0071C972 /* Products */ = {
			isa = PBXGroup;
			children = (
				8A93A0B719E2AF9C0071C972 /* ExamCoreData.app */,
				8A93A0D319E2AF9C0071C972 /* ExamCoreDataTests.xctest */,
			);
			name = Products;
			sourceTree = "<group>";
		};
		8A93A0B919E2AF9C0071C972 /* ExamCoreData */ = {
			isa = PBXGroup;
			children = (
				8A93A0BE19E2AF9C0071C972 /* AppDelegate.h */,
				8A93A0BF19E2AF9C0071C972 /* AppDelegate.m */,
				8A93A0C419E2AF9C0071C972 /* ViewController.h */,
				8A93A0C519E2AF9C0071C972 /* ViewController.m */,
				8A93A0C719E2AF9C0071C972 /* Main.storyboard */,
				8A93A0CA19E2AF9C0071C972 /* Images.xcassets */,
				8A93A0CC19E2AF9C0071C972 /* LaunchScreen.xib */,
				8A93A0C119E2AF9C0071C972 /* ExamCoreData.xcdatamodeld */,
				8A93A0BA19E2AF9C0071C972 /* Supporting Files */,
			);
			path = ExamCoreData;
			sourceTree = "<group>";
		};
		8A93A0BA19E2AF9C0071C972 /* Supporting Files */ = {
			isa = PBXGroup;
			children = (
				8A93A0BB19E2AF9C0071C972 /* Info.plist */,
				8A93A0BC19E2AF9C0071C972 /* main.m */,
			);
			name = "Supporting Files";
			sourceTree = "<group>";
		};
		8A93A0D619E2AF9C0071C972 /* ExamCoreDataTests */ = {
			isa = PBXGroup;
			children = (
				8A93A0D919E2AF9C0071C972 /* ExamCoreDataTests.m */,
				8A93A0D719E2AF9C0071C972 /* Supporting Files */,
			);
			path = ExamCoreDataTests;
			sourceTree = "<group>";
		};
		8A93A0D719E2AF9C0071C972 /* Supporting Files */ = {
			isa = PBXGroup;
			children = (
				8A93A0D819E2AF9C0071C972 /* Info.plist */,
			);
			name = "Supporting Files";
			sourceTree = "<group>";
		};
/* End PBXGroup section */

/* Begin PBXNativeTarget section */
		8A93A0B619E2AF9C0071C972 /* ExamCoreData */ = {
			isa = PBXNativeTarget;
			buildConfigurationList = 8A93A0DD19E2AF9C0071C972 /* Build configuration list for PBXNativeTarget "ExamCoreData" */;
			buildPhases = (
				8A93A0B319E2AF9C0071C972 /* Sources */,
				8A93A0B419E2AF9C0071C972 /* Frameworks */,
				8A93A0B519E2AF9C0071C972 /* Resources */,
			);
			buildRules = (
			);
			dependencies = (
			);
			name = ExamCoreData;
			productName = ExamCoreData;
			productReference = 8A93A0B719E2AF9C0071C972 /* ExamCoreData.app */;
			productType = "com.apple.product-type.application";
		};
		8A93A0D219E2AF9C0071C972 /* ExamCoreDataTests */ = {
			isa = PBXNativeTarget;
			buildConfigurationList = 8A93A0E019E2AF9C0071C972 /* Build configuration list for PBXNativeTarget "ExamCoreDataTests" */;
			buildPhases = (
				8A93A0CF19E2AF9C0071C972 /* Sources */,
				8A93A0D019E2AF9C0071C972 /* Frameworks */,
				8A93A0D119E2AF9C0071C972 /* Resources */,
			);
			buildRules = (
			);
			dependencies = (
				8A93A0D519E2AF9C0071C972 /* PBXTargetDependency */,
			);
			name = ExamCoreDataTests;
			productName = ExamCoreDataTests;
			productReference = 8A93A0D319E2AF9C0071C972 /* ExamCoreDataTests.xctest */;
			productType = "com.apple.product-type.bundle.unit-test";
		};
/* End PBXNativeTarget section */

/* Begin PBXProject section */
		8A93A0AF19E2AF9C0071C972 /* Project object */ = {
			isa = PBXProject;
			attributes = {
				LastUpgradeCheck = 0600;
				ORGANIZATIONNAME = "Paradigm Creatives";
				TargetAttributes = {
					8A93A0B619E2AF9C0071C972 = {
						CreatedOnToolsVersion = 6.0;
					};
					8A93A0D219E2AF9C0071C972 = {
						CreatedOnToolsVersion = 6.0;
						TestTargetID = 8A93A0B619E2AF9C0071C972;
					};
				};
			};
			buildConfigurationList = 8A93A0B219E2AF9C0071C972 /* Build configuration list for PBXProject "ExamCoreData" */;
			compatibilityVersion = "Xcode 3.2";
			developmentRegion = English;
			hasScannedForEncodings = 0;
			knownRegions = (
				en,
				Base,
			);
			mainGroup = 8A93A0AE19E2AF9C0071C972;
			productRefGroup = 8A93A0B819E2AF9C0071C972 /* Products */;
			projectDirPath = "";
			projectRoot = "";
			targets = (
				8A93A0B619E2AF9C0071C972 /* ExamCoreData */,
				8A93A0D219E2AF9C0071C972 /* ExamCoreDataTests */,
			);
		};
/* End PBXProject section */

/* Begin PBXResourcesBuildPhase section */
		8A93A0B519E2AF9C0071C972 /* Resources */ = {
			isa = PBXResourcesBuildPhase;
			buildActionMask = 2147483647;
			files = (
				8A93A0C919E2AF9C0071C972 /* Main.storyboard in Resources */,
				8A93A0CE19E2AF9C0071C972 /* LaunchScreen.xib in Resources */,
				8A93A0CB19E2AF9C0071C972 /* Images.xcassets in Resources */,
			);
			runOnlyForDeploymentPostprocessing = 0;
		};
		8A93A0D119E2AF9C0071C972 /* Resources */ = {
			isa = PBXResourcesBuildPhase;
			buildActionMask = 2147483647;
			files = (
			);
			runOnlyForDeploymentPostprocessing = 0;
		};
/* End PBXResourcesBuildPhase section */

/* Begin PBXSourcesBuildPhase section */
		8A93A0B319E2AF9C0071C972 /* Sources */ = {
			isa = PBXSourcesBuildPhase;
			buildActionMask = 2147483647;
			files = (
				8A93A0C019E2AF9C0071C972 /* AppDelegate.m in Sources */,
				8A93A0C319E2AF9C0071C972 /* ExamCoreData.xcdatamodeld in Sources */,
				8A93A0C619E2AF9C0071C972 /* ViewController.m in Sources */,
				8A93A0BD19E2AF9C0071C972 /* main.m in Sources */,
			);
			runOnlyForDeploymentPostprocessing = 0;
		};
		8A93A0CF19E2AF9C0071C972 /* Sources */ = {
			isa = PBXSourcesBuildPhase;
			buildActionMask = 2147483647;
			files = (
				8A93A0DA19E2AF9C0071C972 /* ExamCoreDataTests.m in Sources */,
			);
			runOnlyForDeploymentPostprocessing = 0;
		};
/* End PBXSourcesBuildPhase section */

/* Begin PBXTargetDependency section */
		8A93A0D519E2AF9C0071C972 /* PBXTargetDependency */ = {
			isa = PBXTargetDependency;
			target = 8A93A0B619E2AF9C0071C972 /* ExamCoreData */;
			targetProxy = 8A93A0D419E2AF9C0071C972 /* PBXContainerItemProxy */;
		};
/* End PBXTargetDependency section */

/* Begin PBXVariantGroup section */
		8A93A0C719E2AF9C0071C972 /* Main.storyboard */ = {
			isa = PBXVariantGroup;
			children = (
				8A93A0C819E2AF9C0071C972 /* Base */,
			);
			name = Main.storyboard;
			sourceTree = "<group>";
		};
		8A93A0CC19E2AF9C0071C972 /* LaunchScreen.xib */ = {
			isa = PBXVariantGroup;
			children = (
				8A93A0CD19E2AF9C0071C972 /* Base */,
			);
			name = LaunchScreen.xib;
			sourceTree = "<group>";
		};
/* End PBXVariantGroup section */

/* Begin XCBuildConfiguration section */
		8A93A0DB19E2AF9C0071C972 /* Debug */ = {
			isa = XCBuildConfiguration;
			buildSettings = {
				ALWAYS_SEARCH_USER_PATHS = NO;
				CLANG_CXX_LANGUAGE_STANDARD = "gnu++0x";
				CLANG_CXX_LIBRARY = "libc++";
				CLANG_ENABLE_MODULES = YES;
				CLANG_ENABLE_OBJC_ARC = YES;
				CLANG_WARN_BOOL_CONVERSION = YES;
				CLANG_WARN_CONSTANT_CONVERSION = YES;
				CLANG_WARN_DIRECT_OBJC_ISA_USAGE = YES_ERROR;
				CLANG_WARN_EMPTY_BODY = YES;
				CLANG_WARN_ENUM_CONVERSION = YES;
				CLANG_WARN_INT_CONVERSION = YES;
				CLANG_WARN_OBJC_ROOT_CLASS = YES_ERROR;
				CLANG_WARN_UNREACHABLE_CODE = YES;
				CLANG_WARN__DUPLICATE_METHOD_MATCH = YES;
				"CODE_SIGN_IDENTITY[sdk=iphoneos*]" = "iPhone Developer";
				COPY_PHASE_STRIP = NO;
				ENABLE_STRICT_OBJC_MSGSEND = YES;
				GCC_C_LANGUAGE_STANDARD = gnu99;
				GCC_DYNAMIC_NO_PIC = NO;
				GCC_OPTIMIZATION_LEVEL = 0;
				GCC_PREPROCESSOR_DEFINITIONS = (
					"DEBUG=1",
					"$(inherited)",
				);
				GCC_SYMBOLS_PRIVATE_EXTERN = NO;
				GCC_WARN_64_TO_32_BIT_CONVERSION = YES;
				GCC_WARN_ABOUT_RETURN_TYPE = YES_ERROR;
				GCC_WARN_UNDECLARED_SELECTOR = YES;
				GCC_WARN_UNINITIALIZED_AUTOS = YES_AGGRESSIVE;
				GCC_WARN_UNUSED_FUNCTION = YES;
				GCC_WARN_UNUSED_VARIABLE = YES;
				IPHONEOS_DEPLOYMENT_TARGET = 8.0;
				MTL_ENABLE_DEBUG_INFO = YES;
				ONLY_ACTIVE_ARCH = YES;
				SDKROOT = iphoneos;
			};
			name = Debug;
		};
		8A93A0DC19E2AF9C0071C972 /* Release */ = {
			isa = XCBuildConfiguration;
			buildSettings = {
				ALWAYS_SEARCH_USER_PATHS = NO;
				CLANG_CXX_LANGUAGE_STANDARD = "gnu++0x";
				CLANG_CXX_LIBRARY = "libc++";
				CLANG_ENABLE_MODULES = YES;
				CLANG_ENABLE_OBJC_ARC = YES;
				CLANG_WARN_BOOL_CONVERSION = YES;
				CLANG_WARN_CONSTANT_CONVERSION = YES;
				CLANG_WARN_DIRECT_OBJC_ISA_USAGE = YES_ERROR;
				CLANG_WARN_EMPTY_BODY = YES;
				CLANG_WARN_ENUM_CONVERSION = YES;
				CLANG_WARN_INT_CONVERSION = YES;
				CLANG_WARN_OBJC_ROOT_CLASS = YES_ERROR;
				CLANG_WARN_UNREACHABLE_CODE = YES;
				CLANG_WARN__DUPLICATE_METHOD_MATCH = YES;
				"CODE_SIGN_IDENTITY[sdk=iphoneos*]" = "iPhone Developer";
				COPY_PHASE_STRIP = YES;
				ENABLE_NS_ASSERTIONS = NO;
				ENABLE_STRICT_OBJC_MSGSEND = YES;
				GCC_C_LANGUAGE_STANDARD = gnu99;
				GCC_WARN_64_TO_32_BIT_CONVERSION = YES;
				GCC_WARN_ABOUT_RETURN_TYPE = YES_ERROR;
				GCC_WARN_UNDECLARED_SELECTOR = YES;
				GCC_WARN_UNINITIALIZED_AUTOS = YES_AGGRESSIVE;
				GCC_WARN_UNUSED_FUNCTION = YES;
				GCC_WARN_UNUSED_VARIABLE = YES;
				IPHONEOS_DEPLOYMENT_TARGET = 8.0;
				MTL_ENABLE_DEBUG_INFO = NO;
				SDKROOT = iphoneos;
				VALIDATE_PRODUCT = YES;
			};
			name = Release;
		};
		8A93A0DE19E2AF9C0071C972 /* Debug */ = {
			isa = XCBuildConfiguration;
			buildSettings = {
				ASSETCATALOG_COMPILER_APPICON_NAME = AppIcon;
				INFOPLIST_FILE = ExamCoreData/Info.plist;
				LD_RUNPATH_SEARCH_PATHS = "$(inherited) @executable_path/Frameworks";
				PRODUCT_NAME = "$(TARGET_NAME)";
			};
			name = Debug;
		};
		8A93A0DF19E2AF9C0071C972 /* Release */ = {
			isa = XCBuildConfiguration;
			buildSettings = {
				ASSETCATALOG_COMPILER_APPICON_NAME = AppIcon;
				INFOPLIST_FILE = ExamCoreData/Info.plist;
				LD_RUNPATH_SEARCH_PATHS = "$(inherited) @executable_path/Frameworks";
				PRODUCT_NAME = "$(TARGET_NAME)";
			};
			name = Release;
		};
		8A93A0E119E2AF9C0071C972 /* Debug */ = {
			isa = XCBuildConfiguration;
			buildSettings = {
				BUNDLE_LOADER = "$(TEST_HOST)";
				FRAMEWORK_SEARCH_PATHS = (
					"$(SDKROOT)/Developer/Library/Frameworks",
					"$(inherited)",
				);
				GCC_PREPROCESSOR_DEFINITIONS = (
					"DEBUG=1",
					"$(inherited)",
				);
				INFOPLIST_FILE = ExamCoreDataTests/Info.plist;
				LD_RUNPATH_SEARCH_PATHS = "$(inherited) @executable_path/Frameworks @loader_path/Frameworks";
				PRODUCT_NAME = "$(TARGET_NAME)";
				TEST_HOST = "$(BUILT_PRODUCTS_DIR)/ExamCoreData.app/ExamCoreData";
			};
			name = Debug;
		};
		8A93A0E219E2AF9C0071C972 /* Release */ = {
			isa = XCBuildConfiguration;
			buildSettings = {
				BUNDLE_LOADER = "$(TEST_HOST)";
				FRAMEWORK_SEARCH_PATHS = (
					"$(SDKROOT)/Developer/Library/Frameworks",
					"$(inherited)",
				);
				INFOPLIST_FILE = ExamCoreDataTests/Info.plist;
				LD_RUNPATH_SEARCH_PATHS = "$(inherited) @executable_path/Frameworks @loader_path/Frameworks";
				PRODUCT_NAME = "$(TARGET_NAME)";
				TEST_HOST = "$(BUILT_PRODUCTS_DIR)/ExamCoreData.app/ExamCoreData";
			};
			name = Release;
		};
/* End XCBuildConfiguration section */

/* Begin XCConfigurationList section */
		8A93A0B219E2AF9C0071C972 /* Build configuration list for PBXProject "ExamCoreData" */ = {
			isa = XCConfigurationList;
			buildConfigurations = (
				8A93A0DB19E2AF9C0071C972 /* Debug */,
				8A93A0DC19E2AF9C0071C972 /* Release */,
			);
			defaultConfigurationIsVisible = 0;
			defaultConfigurationName = Release;
		};
		8A93A0DD19E2AF9C0071C972 /* Build configuration list for PBXNativeTarget "ExamCoreData" */ = {
			isa = XCConfigurationList;
			buildConfigurations = (
				8A93A0DE19E2AF9C0071C972 /* Debug */,
				8A93A0DF19E2AF9C0071C972 /* Release */,
			);
			defaultConfigurationIsVisible = 0;
		};
		8A93A0E019E2AF9C0071C972 /* Build configuration list for PBXNativeTarget "ExamCoreDataTests" */ = {
			isa = XCConfigurationList;
			buildConfigurations = (
				8A93A0E119E2AF9C0071C972 /* Debug */,
				8A93A0E219E2AF9C0071C972 /* Release */,
			);
			defaultConfigurationIsVisible = 0;
		};
/* End XCConfigurationList section */

/* Begin XCVersionGroup section */
		8A93A0C119E2AF9C0071C972 /* ExamCoreData.xcdatamodeld */ = {
			isa = XCVersionGroup;
			children = (
				8A93A0C219E2AF9C0071C972 /* ExamCoreData.xcdatamodel */,
			);
			currentVersion = 8A93A0C219E2AF9C0071C972 /* ExamCoreData.xcdatamodel */;
			path = ExamCoreData.xcdatamodeld;
			sourceTree = "<group>";
			versionGroupType = wrapper.xcdatamodel;
		};
/* End XCVersionGroup section */
	};
	rootObject = 8A93A0AF19E2AF9C0071C972 /* Project object */;
}
